
Microsoft Visual Studio Solution File, Format Version 12.00
# Visual Studio 15
VisualStudioVersion = 15.0.26124.0
MinimumVisualStudioVersion = 15.0.26124.0
Project("{FAE04EC0-301F-11D3-BF4B-00C04F79EFBC}") = "VueIdServer", "VueIdServer\VueIdServer.csproj", "{E7C3F874-073D-4269-90FD-0F4CF3AFBC8C}"
EndProject
Project("{2150E333-8FDC-42A3-9474-1A3956D46DE8}") = "AspNetCore.Identity.MongoDbCore", "AspNetCore.Identity.MongoDbCore", "{142F4580-6DED-4D99-8F13-9388A888910E}"
EndProject
Project("{FAE04EC0-301F-11D3-BF4B-00C04F79EFBC}") = "AspNetCore.Identity.MongoDbCore", "AspNetCore.Identity.MongoDbCore\src\AspNetCore.Identity.MongoDbCore.csproj", "{56E724C7-02B8-4AA2-97CC-BAC4BEF91ED4}"
EndProject
Project("{2150E333-8FDC-42A3-9474-1A3956D46DE8}") = "Data", "Data", "{990CA1FF-CD6A-444D-A6B1-EDEDA0CF94FD}"
EndProject
Project("{FAE04EC0-301F-11D3-BF4B-00C04F79EFBC}") = "VueIdServer.Data.Common", "Data\VueIdServer.Data.Common\VueIdServer.Data.Common.csproj", "{E33F3D84-2F7A-4DBD-A32A-0126A9C6FEB3}"
EndProject
Project("{FAE04EC0-301F-11D3-BF4B-00C04F79EFBC}") = "VueIdServer.Data.MongoDb", "Data\VueIdServer.Data.MongoDb\VueIdServer.Data.MongoDb.csproj", "{74520D64-1F81-49B3-A836-38FEA3114FC8}"
EndProject
Project("{2150E333-8FDC-42A3-9474-1A3956D46DE8}") = "Stores", "Stores", "{46D887B2-836B-4AD4-90A4-F5C9633F0E9A}"
EndProject
Project("{FAE04EC0-301F-11D3-BF4B-00C04F79EFBC}") = "VueIdServer.Stores.MongoDb", "Stores\VueIdServer.Stores.MongoDb\VueIdServer.Stores.MongoDb.csproj", "{525682A3-9572-45DD-A4DD-571C26232951}"
EndProject
Project("{2150E333-8FDC-42A3-9474-1A3956D46DE8}") = "Identities", "Identities", "{2FDC543A-9379-4F74-8060-AF906FDC14B7}"
EndProject
Project("{FAE04EC0-301F-11D3-BF4B-00C04F79EFBC}") = "VueIdServer.Identities.MongoDb", "Identities\VueIdServer.Identities.MongoDb\VueIdServer.Identities.MongoDb.csproj", "{F2E8AC7F-9891-45FC-9AF1-E65CDD26F880}"
EndProject
Global
	GlobalSection(SolutionConfigurationPlatforms) = preSolution
		Debug|Any CPU = Debug|Any CPU
		Debug|x64 = Debug|x64
		Debug|x86 = Debug|x86
		Release|Any CPU = Release|Any CPU
		Release|x64 = Release|x64
		Release|x86 = Release|x86
	EndGlobalSection
	GlobalSection(SolutionProperties) = preSolution
		HideSolutionNode = FALSE
	EndGlobalSection
	GlobalSection(ProjectConfigurationPlatforms) = postSolution
		{E7C3F874-073D-4269-90FD-0F4CF3AFBC8C}.Debug|Any CPU.ActiveCfg = Debug|Any CPU
		{E7C3F874-073D-4269-90FD-0F4CF3AFBC8C}.Debug|Any CPU.Build.0 = Debug|Any CPU
		{E7C3F874-073D-4269-90FD-0F4CF3AFBC8C}.Debug|x64.ActiveCfg = Debug|Any CPU
		{E7C3F874-073D-4269-90FD-0F4CF3AFBC8C}.Debug|x64.Build.0 = Debug|Any CPU
		{E7C3F874-073D-4269-90FD-0F4CF3AFBC8C}.Debug|x86.ActiveCfg = Debug|Any CPU
		{E7C3F874-073D-4269-90FD-0F4CF3AFBC8C}.Debug|x86.Build.0 = Debug|Any CPU
		{E7C3F874-073D-4269-90FD-0F4CF3AFBC8C}.Release|Any CPU.ActiveCfg = Release|Any CPU
		{E7C3F874-073D-4269-90FD-0F4CF3AFBC8C}.Release|Any CPU.Build.0 = Release|Any CPU
		{E7C3F874-073D-4269-90FD-0F4CF3AFBC8C}.Release|x64.ActiveCfg = Release|Any CPU
		{E7C3F874-073D-4269-90FD-0F4CF3AFBC8C}.Release|x64.Build.0 = Release|Any CPU
		{E7C3F874-073D-4269-90FD-0F4CF3AFBC8C}.Release|x86.ActiveCfg = Release|Any CPU
		{E7C3F874-073D-4269-90FD-0F4CF3AFBC8C}.Release|x86.Build.0 = Release|Any CPU
		{56E724C7-02B8-4AA2-97CC-BAC4BEF91ED4}.Debug|Any CPU.ActiveCfg = Debug|Any CPU
		{56E724C7-02B8-4AA2-97CC-BAC4BEF91ED4}.Debug|Any CPU.Build.0 = Debug|Any CPU
		{56E724C7-02B8-4AA2-97CC-BAC4BEF91ED4}.Debug|x64.ActiveCfg = Debug|Any CPU
		{56E724C7-02B8-4AA2-97CC-BAC4BEF91ED4}.Debug|x64.Build.0 = Debug|Any CPU
		{56E724C7-02B8-4AA2-97CC-BAC4BEF91ED4}.Debug|x86.ActiveCfg = Debug|Any CPU
		{56E724C7-02B8-4AA2-97CC-BAC4BEF91ED4}.Debug|x86.Build.0 = Debug|Any CPU
		{56E724C7-02B8-4AA2-97CC-BAC4BEF91ED4}.Release|Any CPU.ActiveCfg = Release|Any CPU
		{56E724C7-02B8-4AA2-97CC-BAC4BEF91ED4}.Release|Any CPU.Build.0 = Release|Any CPU
		{56E724C7-02B8-4AA2-97CC-BAC4BEF91ED4}.Release|x64.ActiveCfg = Release|Any CPU
		{56E724C7-02B8-4AA2-97CC-BAC4BEF91ED4}.Release|x64.Build.0 = Release|Any CPU
		{56E724C7-02B8-4AA2-97CC-BAC4BEF91ED4}.Release|x86.ActiveCfg = Release|Any CPU
		{56E724C7-02B8-4AA2-97CC-BAC4BEF91ED4}.Release|x86.Build.0 = Release|Any CPU
		{E33F3D84-2F7A-4DBD-A32A-0126A9C6FEB3}.Debug|Any CPU.ActiveCfg = Debug|Any CPU
		{E33F3D84-2F7A-4DBD-A32A-0126A9C6FEB3}.Debug|Any CPU.Build.0 = Debug|Any CPU
		{E33F3D84-2F7A-4DBD-A32A-0126A9C6FEB3}.Debug|x64.ActiveCfg = Debug|Any CPU
		{E33F3D84-2F7A-4DBD-A32A-0126A9C6FEB3}.Debug|x64.Build.0 = Debug|Any CPU
		{E33F3D84-2F7A-4DBD-A32A-0126A9C6FEB3}.Debug|x86.ActiveCfg = Debug|Any CPU
		{E33F3D84-2F7A-4DBD-A32A-0126A9C6FEB3}.Debug|x86.Build.0 = Debug|Any CPU
		{E33F3D84-2F7A-4DBD-A32A-0126A9C6FEB3}.Release|Any CPU.ActiveCfg = Release|Any CPU
		{E33F3D84-2F7A-4DBD-A32A-0126A9C6FEB3}.Release|Any CPU.Build.0 = Release|Any CPU
		{E33F3D84-2F7A-4DBD-A32A-0126A9C6FEB3}.Release|x64.ActiveCfg = Release|Any CPU
		{E33F3D84-2F7A-4DBD-A32A-0126A9C6FEB3}.Release|x64.Build.0 = Release|Any CPU
		{E33F3D84-2F7A-4DBD-A32A-0126A9C6FEB3}.Release|x86.ActiveCfg = Release|Any CPU
		{E33F3D84-2F7A-4DBD-A32A-0126A9C6FEB3}.Release|x86.Build.0 = Release|Any CPU
		{74520D64-1F81-49B3-A836-38FEA3114FC8}.Debug|Any CPU.ActiveCfg = Debug|Any CPU
		{74520D64-1F81-49B3-A836-38FEA3114FC8}.Debug|Any CPU.Build.0 = Debug|Any CPU
		{74520D64-1F81-49B3-A836-38FEA3114FC8}.Debug|x64.ActiveCfg = Debug|Any CPU
		{74520D64-1F81-49B3-A836-38FEA3114FC8}.Debug|x64.Build.0 = Debug|Any CPU
		{74520D64-1F81-49B3-A836-38FEA3114FC8}.Debug|x86.ActiveCfg = Debug|Any CPU
		{74520D64-1F81-49B3-A836-38FEA3114FC8}.Debug|x86.Build.0 = Debug|Any CPU
		{74520D64-1F81-49B3-A836-38FEA3114FC8}.Release|Any CPU.ActiveCfg = Release|Any CPU
		{74520D64-1F81-49B3-A836-38FEA3114FC8}.Release|Any CPU.Build.0 = Release|Any CPU
		{74520D64-1F81-49B3-A836-38FEA3114FC8}.Release|x64.ActiveCfg = Release|Any CPU
		{74520D64-1F81-49B3-A836-38FEA3114FC8}.Release|x64.Build.0 = Release|Any CPU
		{74520D64-1F81-49B3-A836-38FEA3114FC8}.Release|x86.ActiveCfg = Release|Any CPU
		{74520D64-1F81-49B3-A836-38FEA3114FC8}.Release|x86.Build.0 = Release|Any CPU
		{525682A3-9572-45DD-A4DD-571C26232951}.Debug|Any CPU.ActiveCfg = Debug|Any CPU
		{525682A3-9572-45DD-A4DD-571C26232951}.Debug|Any CPU.Build.0 = Debug|Any CPU
		{525682A3-9572-45DD-A4DD-571C26232951}.Debug|x64.ActiveCfg = Debug|Any CPU
		{525682A3-9572-45DD-A4DD-571C26232951}.Debug|x64.Build.0 = Debug|Any CPU
		{525682A3-9572-45DD-A4DD-571C26232951}.Debug|x86.ActiveCfg = Debug|Any CPU
		{525682A3-9572-45DD-A4DD-571C26232951}.Debug|x86.Build.0 = Debug|Any CPU
		{525682A3-9572-45DD-A4DD-571C26232951}.Release|Any CPU.ActiveCfg = Release|Any CPU
		{525682A3-9572-45DD-A4DD-571C26232951}.Release|Any CPU.Build.0 = Release|Any CPU
		{525682A3-9572-45DD-A4DD-571C26232951}.Release|x64.ActiveCfg = Release|Any CPU
		{525682A3-9572-45DD-A4DD-571C26232951}.Release|x64.Build.0 = Release|Any CPU
		{525682A3-9572-45DD-A4DD-571C26232951}.Release|x86.ActiveCfg = Release|Any CPU
		{525682A3-9572-45DD-A4DD-571C26232951}.Release|x86.Build.0 = Release|Any CPU
		{F2E8AC7F-9891-45FC-9AF1-E65CDD26F880}.Debug|Any CPU.ActiveCfg = Debug|Any CPU
		{F2E8AC7F-9891-45FC-9AF1-E65CDD26F880}.Debug|Any CPU.Build.0 = Debug|Any CPU
		{F2E8AC7F-9891-45FC-9AF1-E65CDD26F880}.Debug|x64.ActiveCfg = Debug|Any CPU
		{F2E8AC7F-9891-45FC-9AF1-E65CDD26F880}.Debug|x64.Build.0 = Debug|Any CPU
		{F2E8AC7F-9891-45FC-9AF1-E65CDD26F880}.Debug|x86.ActiveCfg = Debug|Any CPU
		{F2E8AC7F-9891-45FC-9AF1-E65CDD26F880}.Debug|x86.Build.0 = Debug|Any CPU
		{F2E8AC7F-9891-45FC-9AF1-E65CDD26F880}.Release|Any CPU.ActiveCfg = Release|Any CPU
		{F2E8AC7F-9891-45FC-9AF1-E65CDD26F880}.Release|Any CPU.Build.0 = Release|Any CPU
		{F2E8AC7F-9891-45FC-9AF1-E65CDD26F880}.Release|x64.ActiveCfg = Release|Any CPU
		{F2E8AC7F-9891-45FC-9AF1-E65CDD26F880}.Release|x64.Build.0 = Release|Any CPU
		{F2E8AC7F-9891-45FC-9AF1-E65CDD26F880}.Release|x86.ActiveCfg = Release|Any CPU
		{F2E8AC7F-9891-45FC-9AF1-E65CDD26F880}.Release|x86.Build.0 = Release|Any CPU
	EndGlobalSection
	GlobalSection(NestedProjects) = preSolution
		{56E724C7-02B8-4AA2-97CC-BAC4BEF91ED4} = {142F4580-6DED-4D99-8F13-9388A888910E}
		{E33F3D84-2F7A-4DBD-A32A-0126A9C6FEB3} = {990CA1FF-CD6A-444D-A6B1-EDEDA0CF94FD}
		{74520D64-1F81-49B3-A836-38FEA3114FC8} = {990CA1FF-CD6A-444D-A6B1-EDEDA0CF94FD}
		{525682A3-9572-45DD-A4DD-571C26232951} = {46D887B2-836B-4AD4-90A4-F5C9633F0E9A}
		{F2E8AC7F-9891-45FC-9AF1-E65CDD26F880} = {2FDC543A-9379-4F74-8060-AF906FDC14B7}
	EndGlobalSection
EndGlobal
